// !$*UTF8*$!
{
	archiveVersion = 1;
	classes = {
	};
	objectVersion = 56;
	objects = {

/* Begin PBXBuildFile section */
		99E62CDA29B69F33001DA07C /* NewspaperApp.swift in Sources */ = {isa = PBXBuildFile; fileRef = 99E62CD929B69F33001DA07C /* NewspaperApp.swift */; };
		99E62CDC29B69F33001DA07C /* ContentView.swift in Sources */ = {isa = PBXBuildFile; fileRef = 99E62CDB29B69F33001DA07C /* ContentView.swift */; };
		99E62CDE29B69F36001DA07C /* Assets.xcassets in Resources */ = {isa = PBXBuildFile; fileRef = 99E62CDD29B69F36001DA07C /* Assets.xcassets */; };
		99E62CE129B69F36001DA07C /* Preview Assets.xcassets in Resources */ = {isa = PBXBuildFile; fileRef = 99E62CE029B69F36001DA07C /* Preview Assets.xcassets */; };
		99E62CEB29B69F36001DA07C /* NewspaperTests.swift in Sources */ = {isa = PBXBuildFile; fileRef = 99E62CEA29B69F36001DA07C /* NewspaperTests.swift */; };
		99E62CF529B69F36001DA07C /* NewspaperUITests.swift in Sources */ = {isa = PBXBuildFile; fileRef = 99E62CF429B69F36001DA07C /* NewspaperUITests.swift */; };
		99E62CF729B69F36001DA07C /* NewspaperUITestsLaunchTests.swift in Sources */ = {isa = PBXBuildFile; fileRef = 99E62CF629B69F36001DA07C /* NewspaperUITestsLaunchTests.swift */; };
		99E62D0529B6A00E001DA07C /* Configurations.swift in Sources */ = {isa = PBXBuildFile; fileRef = 99E62D0429B6A00E001DA07C /* Configurations.swift */; };
		99E62D0829B6A0B4001DA07C /* BaseURLTests.swift in Sources */ = {isa = PBXBuildFile; fileRef = 99E62D0729B6A0B4001DA07C /* BaseURLTests.swift */; };
		99E62D0A29B6A5C1001DA07C /* NewsClient.swift in Sources */ = {isa = PBXBuildFile; fileRef = 99E62D0929B6A5C1001DA07C /* NewsClient.swift */; };
		99E62D0C29B6A612001DA07C /* Article.swift in Sources */ = {isa = PBXBuildFile; fileRef = 99E62D0B29B6A612001DA07C /* Article.swift */; };
		99E62D0E29B6B1F8001DA07C /* RelatedImages.swift in Sources */ = {isa = PBXBuildFile; fileRef = 99E62D0D29B6B1F8001DA07C /* RelatedImages.swift */; };
		99E62D1029B6B70E001DA07C /* RelatedImagesTests.swift in Sources */ = {isa = PBXBuildFile; fileRef = 99E62D0F29B6B70D001DA07C /* RelatedImagesTests.swift */; };
		99E62D1229B6B745001DA07C /* RelatedImage.json in Resources */ = {isa = PBXBuildFile; fileRef = 99E62D1129B6B745001DA07C /* RelatedImage.json */; };
		99E62D1629B6B7C3001DA07C /* Bundle+Extensions.swift in Sources */ = {isa = PBXBuildFile; fileRef = 99E62D1429B6B7C3001DA07C /* Bundle+Extensions.swift */; };
		99E62D1729B6B7C3001DA07C /* Decodable+Extensions.swift in Sources */ = {isa = PBXBuildFile; fileRef = 99E62D1529B6B7C3001DA07C /* Decodable+Extensions.swift */; };
		99E62D1929B6F82A001DA07C /* Int+Extension.swift in Sources */ = {isa = PBXBuildFile; fileRef = 99E62D1829B6F82A001DA07C /* Int+Extension.swift */; };
		99E62D1B29B6FD2F001DA07C /* RelatedAssets.swift in Sources */ = {isa = PBXBuildFile; fileRef = 99E62D1A29B6FD2F001DA07C /* RelatedAssets.swift */; };
		99E62D1D29B704A5001DA07C /* Article.json in Resources */ = {isa = PBXBuildFile; fileRef = 99E62D1C29B704A5001DA07C /* Article.json */; };
		99E62D1F29B7F9DA001DA07C /* ArticleTests.swift in Sources */ = {isa = PBXBuildFile; fileRef = 99E62D1E29B7F9DA001DA07C /* ArticleTests.swift */; };
		99E62D2129B7FD17001DA07C /* RelatedAssetsTests.swift in Sources */ = {isa = PBXBuildFile; fileRef = 99E62D2029B7FD17001DA07C /* RelatedAssetsTests.swift */; };
		99E62D2329B837DC001DA07C /* RequestErrors.swift in Sources */ = {isa = PBXBuildFile; fileRef = 99E62D2229B837DC001DA07C /* RequestErrors.swift */; };
		99E62D2629B8384F001DA07C /* MockClient.swift in Sources */ = {isa = PBXBuildFile; fileRef = 99E62D2529B8384F001DA07C /* MockClient.swift */; };
		99E62D2829B83B7A001DA07C /* ArticlesViewModel.swift in Sources */ = {isa = PBXBuildFile; fileRef = 99E62D2729B83B7A001DA07C /* ArticlesViewModel.swift */; };
		99E62D2A29B95228001DA07C /* ArticlesViewModelTests.swift in Sources */ = {isa = PBXBuildFile; fileRef = 99E62D2929B95228001DA07C /* ArticlesViewModelTests.swift */; };
		99EACC3B29BAA53F0077C684 /* ArticlesViewModel+Utilities.swift in Sources */ = {isa = PBXBuildFile; fileRef = 99EACC3A29BAA53F0077C684 /* ArticlesViewModel+Utilities.swift */; };
/* End PBXBuildFile section */

/* Begin PBXContainerItemProxy section */
		99E62CE729B69F36001DA07C /* PBXContainerItemProxy */ = {
			isa = PBXContainerItemProxy;
			containerPortal = 99E62CCE29B69F33001DA07C /* Project object */;
			proxyType = 1;
			remoteGlobalIDString = 99E62CD529B69F33001DA07C;
			remoteInfo = Newspaper;
		};
		99E62CF129B69F36001DA07C /* PBXContainerItemProxy */ = {
			isa = PBXContainerItemProxy;
			containerPortal = 99E62CCE29B69F33001DA07C /* Project object */;
			proxyType = 1;
			remoteGlobalIDString = 99E62CD529B69F33001DA07C;
			remoteInfo = Newspaper;
		};
/* End PBXContainerItemProxy section */

/* Begin PBXFileReference section */
		99E62CD629B69F33001DA07C /* Newspaper.app */ = {isa = PBXFileReference; explicitFileType = wrapper.application; includeInIndex = 0; path = Newspaper.app; sourceTree = BUILT_PRODUCTS_DIR; };
		99E62CD929B69F33001DA07C /* NewspaperApp.swift */ = {isa = PBXFileReference; lastKnownFileType = sourcecode.swift; path = NewspaperApp.swift; sourceTree = "<group>"; };
		99E62CDB29B69F33001DA07C /* ContentView.swift */ = {isa = PBXFileReference; lastKnownFileType = sourcecode.swift; path = ContentView.swift; sourceTree = "<group>"; };
		99E62CDD29B69F36001DA07C /* Assets.xcassets */ = {isa = PBXFileReference; lastKnownFileType = folder.assetcatalog; path = Assets.xcassets; sourceTree = "<group>"; };
		99E62CE029B69F36001DA07C /* Preview Assets.xcassets */ = {isa = PBXFileReference; lastKnownFileType = folder.assetcatalog; path = "Preview Assets.xcassets"; sourceTree = "<group>"; };
		99E62CE629B69F36001DA07C /* NewspaperTests.xctest */ = {isa = PBXFileReference; explicitFileType = wrapper.cfbundle; includeInIndex = 0; path = NewspaperTests.xctest; sourceTree = BUILT_PRODUCTS_DIR; };
		99E62CEA29B69F36001DA07C /* NewspaperTests.swift */ = {isa = PBXFileReference; lastKnownFileType = sourcecode.swift; path = NewspaperTests.swift; sourceTree = "<group>"; };
		99E62CF029B69F36001DA07C /* NewspaperUITests.xctest */ = {isa = PBXFileReference; explicitFileType = wrapper.cfbundle; includeInIndex = 0; path = NewspaperUITests.xctest; sourceTree = BUILT_PRODUCTS_DIR; };
		99E62CF429B69F36001DA07C /* NewspaperUITests.swift */ = {isa = PBXFileReference; lastKnownFileType = sourcecode.swift; path = NewspaperUITests.swift; sourceTree = "<group>"; };
		99E62CF629B69F36001DA07C /* NewspaperUITestsLaunchTests.swift */ = {isa = PBXFileReference; lastKnownFileType = sourcecode.swift; path = NewspaperUITestsLaunchTests.swift; sourceTree = "<group>"; };
		99E62D0429B6A00E001DA07C /* Configurations.swift */ = {isa = PBXFileReference; lastKnownFileType = sourcecode.swift; path = Configurations.swift; sourceTree = "<group>"; };
		99E62D0729B6A0B4001DA07C /* BaseURLTests.swift */ = {isa = PBXFileReference; lastKnownFileType = sourcecode.swift; path = BaseURLTests.swift; sourceTree = "<group>"; };
		99E62D0929B6A5C1001DA07C /* NewsClient.swift */ = {isa = PBXFileReference; lastKnownFileType = sourcecode.swift; path = NewsClient.swift; sourceTree = "<group>"; };
		99E62D0B29B6A612001DA07C /* Article.swift */ = {isa = PBXFileReference; lastKnownFileType = sourcecode.swift; path = Article.swift; sourceTree = "<group>"; };
		99E62D0D29B6B1F8001DA07C /* RelatedImages.swift */ = {isa = PBXFileReference; lastKnownFileType = sourcecode.swift; path = RelatedImages.swift; sourceTree = "<group>"; };
		99E62D0F29B6B70D001DA07C /* RelatedImagesTests.swift */ = {isa = PBXFileReference; lastKnownFileType = sourcecode.swift; path = RelatedImagesTests.swift; sourceTree = "<group>"; };
		99E62D1129B6B745001DA07C /* RelatedImage.json */ = {isa = PBXFileReference; lastKnownFileType = text.json; path = RelatedImage.json; sourceTree = "<group>"; };
		99E62D1429B6B7C3001DA07C /* Bundle+Extensions.swift */ = {isa = PBXFileReference; fileEncoding = 4; lastKnownFileType = sourcecode.swift; path = "Bundle+Extensions.swift"; sourceTree = "<group>"; };
		99E62D1529B6B7C3001DA07C /* Decodable+Extensions.swift */ = {isa = PBXFileReference; fileEncoding = 4; lastKnownFileType = sourcecode.swift; path = "Decodable+Extensions.swift"; sourceTree = "<group>"; };
		99E62D1829B6F82A001DA07C /* Int+Extension.swift */ = {isa = PBXFileReference; lastKnownFileType = sourcecode.swift; path = "Int+Extension.swift"; sourceTree = "<group>"; };
		99E62D1A29B6FD2F001DA07C /* RelatedAssets.swift */ = {isa = PBXFileReference; lastKnownFileType = sourcecode.swift; path = RelatedAssets.swift; sourceTree = "<group>"; };
		99E62D1C29B704A5001DA07C /* Article.json */ = {isa = PBXFileReference; lastKnownFileType = text.json; path = Article.json; sourceTree = "<group>"; };
		99E62D1E29B7F9DA001DA07C /* ArticleTests.swift */ = {isa = PBXFileReference; lastKnownFileType = sourcecode.swift; path = ArticleTests.swift; sourceTree = "<group>"; };
		99E62D2029B7FD17001DA07C /* RelatedAssetsTests.swift */ = {isa = PBXFileReference; lastKnownFileType = sourcecode.swift; path = RelatedAssetsTests.swift; sourceTree = "<group>"; };
		99E62D2229B837DC001DA07C /* RequestErrors.swift */ = {isa = PBXFileReference; lastKnownFileType = sourcecode.swift; path = RequestErrors.swift; sourceTree = "<group>"; };
		99E62D2529B8384F001DA07C /* MockClient.swift */ = {isa = PBXFileReference; lastKnownFileType = sourcecode.swift; path = MockClient.swift; sourceTree = "<group>"; };
		99E62D2729B83B7A001DA07C /* ArticlesViewModel.swift */ = {isa = PBXFileReference; lastKnownFileType = sourcecode.swift; path = ArticlesViewModel.swift; sourceTree = "<group>"; };
		99E62D2929B95228001DA07C /* ArticlesViewModelTests.swift */ = {isa = PBXFileReference; lastKnownFileType = sourcecode.swift; path = ArticlesViewModelTests.swift; sourceTree = "<group>"; };
		99EACC3A29BAA53F0077C684 /* ArticlesViewModel+Utilities.swift */ = {isa = PBXFileReference; lastKnownFileType = sourcecode.swift; path = "ArticlesViewModel+Utilities.swift"; sourceTree = "<group>"; };
/* End PBXFileReference section */

/* Begin PBXFrameworksBuildPhase section */
		99E62CD329B69F33001DA07C /* Frameworks */ = {
			isa = PBXFrameworksBuildPhase;
			buildActionMask = 2147483647;
			files = (
			);
			runOnlyForDeploymentPostprocessing = 0;
		};
		99E62CE329B69F36001DA07C /* Frameworks */ = {
			isa = PBXFrameworksBuildPhase;
			buildActionMask = 2147483647;
			files = (
			);
			runOnlyForDeploymentPostprocessing = 0;
		};
		99E62CED29B69F36001DA07C /* Frameworks */ = {
			isa = PBXFrameworksBuildPhase;
			buildActionMask = 2147483647;
			files = (
			);
			runOnlyForDeploymentPostprocessing = 0;
		};
/* End PBXFrameworksBuildPhase section */

/* Begin PBXGroup section */
		99E62CCD29B69F33001DA07C = {
			isa = PBXGroup;
			children = (
				99E62CD829B69F33001DA07C /* Newspaper */,
				99E62CE929B69F36001DA07C /* NewspaperTests */,
				99E62CF329B69F36001DA07C /* NewspaperUITests */,
				99E62CD729B69F33001DA07C /* Products */,
			);
			sourceTree = "<group>";
		};
		99E62CD729B69F33001DA07C /* Products */ = {
			isa = PBXGroup;
			children = (
				99E62CD629B69F33001DA07C /* Newspaper.app */,
				99E62CE629B69F36001DA07C /* NewspaperTests.xctest */,
				99E62CF029B69F36001DA07C /* NewspaperUITests.xctest */,
			);
			name = Products;
			sourceTree = "<group>";
		};
		99E62CD829B69F33001DA07C /* Newspaper */ = {
			isa = PBXGroup;
			children = (
				99E62D0929B6A5C1001DA07C /* NewsClient.swift */,
				99E62D0629B6A08E001DA07C /* Assets */,
				99E62D0329B69FD5001DA07C /* Resoources */,
				99E62CD929B69F33001DA07C /* NewspaperApp.swift */,
				99E62CDB29B69F33001DA07C /* ContentView.swift */,
				99E62CDD29B69F36001DA07C /* Assets.xcassets */,
				99E62CDF29B69F36001DA07C /* Preview Content */,
				99E62D1829B6F82A001DA07C /* Int+Extension.swift */,
				99E62D2729B83B7A001DA07C /* ArticlesViewModel.swift */,
				99EACC3A29BAA53F0077C684 /* ArticlesViewModel+Utilities.swift */,
			);
			path = Newspaper;
			sourceTree = "<group>";
		};
		99E62CDF29B69F36001DA07C /* Preview Content */ = {
			isa = PBXGroup;
			children = (
				99E62CE029B69F36001DA07C /* Preview Assets.xcassets */,
			);
			path = "Preview Content";
			sourceTree = "<group>";
		};
		99E62CE929B69F36001DA07C /* NewspaperTests */ = {
			isa = PBXGroup;
			children = (
				99E62D1329B6B7A5001DA07C /* TestExtensions */,
				99E62CEA29B69F36001DA07C /* NewspaperTests.swift */,
				99E62D0729B6A0B4001DA07C /* BaseURLTests.swift */,
				99E62D0F29B6B70D001DA07C /* RelatedImagesTests.swift */,
				99E62D1129B6B745001DA07C /* RelatedImage.json */,
				99E62D1C29B704A5001DA07C /* Article.json */,
				99E62D1E29B7F9DA001DA07C /* ArticleTests.swift */,
				99E62D2029B7FD17001DA07C /* RelatedAssetsTests.swift */,
				99E62D2529B8384F001DA07C /* MockClient.swift */,
				99E62D2929B95228001DA07C /* ArticlesViewModelTests.swift */,
			);
			path = NewspaperTests;
			sourceTree = "<group>";
		};
		99E62CF329B69F36001DA07C /* NewspaperUITests */ = {
			isa = PBXGroup;
			children = (
				99E62CF429B69F36001DA07C /* NewspaperUITests.swift */,
				99E62CF629B69F36001DA07C /* NewspaperUITestsLaunchTests.swift */,
			);
			path = NewspaperUITests;
			sourceTree = "<group>";
		};
		99E62D0329B69FD5001DA07C /* Resoources */ = {
			isa = PBXGroup;
			children = (
				99E62D0429B6A00E001DA07C /* Configurations.swift */,
			);
			path = Resoources;
			sourceTree = "<group>";
		};
		99E62D0629B6A08E001DA07C /* Assets */ = {
			isa = PBXGroup;
			children = (
				99E62D0B29B6A612001DA07C /* Article.swift */,
				99E62D0D29B6B1F8001DA07C /* RelatedImages.swift */,
				99E62D1A29B6FD2F001DA07C /* RelatedAssets.swift */,
				99E62D2229B837DC001DA07C /* RequestErrors.swift */,
			);
			path = Assets;
			sourceTree = "<group>";
		};
		99E62D1329B6B7A5001DA07C /* TestExtensions */ = {
			isa = PBXGroup;
			children = (
				99E62D1429B6B7C3001DA07C /* Bundle+Extensions.swift */,
				99E62D1529B6B7C3001DA07C /* Decodable+Extensions.swift */,
			);
			path = TestExtensions;
			sourceTree = "<group>";
		};
/* End PBXGroup section */

/* Begin PBXNativeTarget section */
		99E62CD529B69F33001DA07C /* Newspaper */ = {
			isa = PBXNativeTarget;
			buildConfigurationList = 99E62CFA29B69F36001DA07C /* Build configuration list for PBXNativeTarget "Newspaper" */;
			buildPhases = (
				99E62CD229B69F33001DA07C /* Sources */,
				99E62CD329B69F33001DA07C /* Frameworks */,
				99E62CD429B69F33001DA07C /* Resources */,
			);
			buildRules = (
			);
			dependencies = (
			);
			name = Newspaper;
			productName = Newspaper;
			productReference = 99E62CD629B69F33001DA07C /* Newspaper.app */;
			productType = "com.apple.product-type.application";
		};
		99E62CE529B69F36001DA07C /* NewspaperTests */ = {
			isa = PBXNativeTarget;
			buildConfigurationList = 99E62CFD29B69F36001DA07C /* Build configuration list for PBXNativeTarget "NewspaperTests" */;
			buildPhases = (
				99E62CE229B69F36001DA07C /* Sources */,
				99E62CE329B69F36001DA07C /* Frameworks */,
				99E62CE429B69F36001DA07C /* Resources */,
			);
			buildRules = (
			);
			dependencies = (
				99E62CE829B69F36001DA07C /* PBXTargetDependency */,
			);
			name = NewspaperTests;
			productName = NewspaperTests;
			productReference = 99E62CE629B69F36001DA07C /* NewspaperTests.xctest */;
			productType = "com.apple.product-type.bundle.unit-test";
		};
		99E62CEF29B69F36001DA07C /* NewspaperUITests */ = {
			isa = PBXNativeTarget;
			buildConfigurationList = 99E62D0029B69F36001DA07C /* Build configuration list for PBXNativeTarget "NewspaperUITests" */;
			buildPhases = (
				99E62CEC29B69F36001DA07C /* Sources */,
				99E62CED29B69F36001DA07C /* Frameworks */,
				99E62CEE29B69F36001DA07C /* Resources */,
			);
			buildRules = (
			);
			dependencies = (
				99E62CF229B69F36001DA07C /* PBXTargetDependency */,
			);
			name = NewspaperUITests;
			productName = NewspaperUITests;
			productReference = 99E62CF029B69F36001DA07C /* NewspaperUITests.xctest */;
			productType = "com.apple.product-type.bundle.ui-testing";
		};
/* End PBXNativeTarget section */

/* Begin PBXProject section */
		99E62CCE29B69F33001DA07C /* Project object */ = {
			isa = PBXProject;
			attributes = {
				BuildIndependentTargetsInParallel = 1;
				LastSwiftUpdateCheck = 1420;
				LastUpgradeCheck = 1420;
				TargetAttributes = {
					99E62CD529B69F33001DA07C = {
						CreatedOnToolsVersion = 14.2;
					};
					99E62CE529B69F36001DA07C = {
						CreatedOnToolsVersion = 14.2;
						TestTargetID = 99E62CD529B69F33001DA07C;
					};
					99E62CEF29B69F36001DA07C = {
						CreatedOnToolsVersion = 14.2;
						TestTargetID = 99E62CD529B69F33001DA07C;
					};
				};
			};
			buildConfigurationList = 99E62CD129B69F33001DA07C /* Build configuration list for PBXProject "Newspaper" */;
			compatibilityVersion = "Xcode 14.0";
			developmentRegion = en;
			hasScannedForEncodings = 0;
			knownRegions = (
				en,
				Base,
			);
			mainGroup = 99E62CCD29B69F33001DA07C;
			productRefGroup = 99E62CD729B69F33001DA07C /* Products */;
			projectDirPath = "";
			projectRoot = "";
			targets = (
				99E62CD529B69F33001DA07C /* Newspaper */,
				99E62CE529B69F36001DA07C /* NewspaperTests */,
				99E62CEF29B69F36001DA07C /* NewspaperUITests */,
			);
		};
/* End PBXProject section */

/* Begin PBXResourcesBuildPhase section */
		99E62CD429B69F33001DA07C /* Resources */ = {
			isa = PBXResourcesBuildPhase;
			buildActionMask = 2147483647;
			files = (
				99E62CE129B69F36001DA07C /* Preview Assets.xcassets in Resources */,
				99E62CDE29B69F36001DA07C /* Assets.xcassets in Resources */,
			);
			runOnlyForDeploymentPostprocessing = 0;
		};
		99E62CE429B69F36001DA07C /* Resources */ = {
			isa = PBXResourcesBuildPhase;
			buildActionMask = 2147483647;
			files = (
				99E62D1D29B704A5001DA07C /* Article.json in Resources */,
				99E62D1229B6B745001DA07C /* RelatedImage.json in Resources */,
			);
			runOnlyForDeploymentPostprocessing = 0;
		};
		99E62CEE29B69F36001DA07C /* Resources */ = {
			isa = PBXResourcesBuildPhase;
			buildActionMask = 2147483647;
			files = (
			);
			runOnlyForDeploymentPostprocessing = 0;
		};
/* End PBXResourcesBuildPhase section */

/* Begin PBXSourcesBuildPhase section */
		99E62CD229B69F33001DA07C /* Sources */ = {
			isa = PBXSourcesBuildPhase;
			buildActionMask = 2147483647;
			files = (
				99E62D0A29B6A5C1001DA07C /* NewsClient.swift in Sources */,
				99E62D2829B83B7A001DA07C /* ArticlesViewModel.swift in Sources */,
				99E62CDC29B69F33001DA07C /* ContentView.swift in Sources */,
				99E62D1B29B6FD2F001DA07C /* RelatedAssets.swift in Sources */,
				99E62CDA29B69F33001DA07C /* NewspaperApp.swift in Sources */,
				99E62D1929B6F82A001DA07C /* Int+Extension.swift in Sources */,
				99EACC3B29BAA53F0077C684 /* ArticlesViewModel+Utilities.swift in Sources */,
				99E62D0529B6A00E001DA07C /* Configurations.swift in Sources */,
				99E62D0C29B6A612001DA07C /* Article.swift in Sources */,
				99E62D0E29B6B1F8001DA07C /* RelatedImages.swift in Sources */,
				99E62D2329B837DC001DA07C /* RequestErrors.swift in Sources */,
			);
			runOnlyForDeploymentPostprocessing = 0;
		};
		99E62CE229B69F36001DA07C /* Sources */ = {
			isa = PBXSourcesBuildPhase;
			buildActionMask = 2147483647;
			files = (
				99E62D0829B6A0B4001DA07C /* BaseURLTests.swift in Sources */,
				99E62D2A29B95228001DA07C /* ArticlesViewModelTests.swift in Sources */,
				99E62CEB29B69F36001DA07C /* NewspaperTests.swift in Sources */,
				99E62D1F29B7F9DA001DA07C /* ArticleTests.swift in Sources */,
				99E62D1029B6B70E001DA07C /* RelatedImagesTests.swift in Sources */,
				99E62D2629B8384F001DA07C /* MockClient.swift in Sources */,
				99E62D1629B6B7C3001DA07C /* Bundle+Extensions.swift in Sources */,
				99E62D2129B7FD17001DA07C /* RelatedAssetsTests.swift in Sources */,
				99E62D1729B6B7C3001DA07C /* Decodable+Extensions.swift in Sources */,
			);
			runOnlyForDeploymentPostprocessing = 0;
		};
		99E62CEC29B69F36001DA07C /* Sources */ = {
			isa = PBXSourcesBuildPhase;
			buildActionMask = 2147483647;
			files = (
				99E62CF729B69F36001DA07C /* NewspaperUITestsLaunchTests.swift in Sources */,
				99E62CF529B69F36001DA07C /* NewspaperUITests.swift in Sources */,
			);
			runOnlyForDeploymentPostprocessing = 0;
		};
/* End PBXSourcesBuildPhase section */

/* Begin PBXTargetDependency section */
		99E62CE829B69F36001DA07C /* PBXTargetDependency */ = {
			isa = PBXTargetDependency;
			target = 99E62CD529B69F33001DA07C /* Newspaper */;
			targetProxy = 99E62CE729B69F36001DA07C /* PBXContainerItemProxy */;
		};
		99E62CF229B69F36001DA07C /* PBXTargetDependency */ = {
			isa = PBXTargetDependency;
			target = 99E62CD529B69F33001DA07C /* Newspaper */;
			targetProxy = 99E62CF129B69F36001DA07C /* PBXContainerItemProxy */;
		};
/* End PBXTargetDependency section */

/* Begin XCBuildConfiguration section */
		99E62CF829B69F36001DA07C /* Debug */ = {
			isa = XCBuildConfiguration;
			buildSettings = {
				ALWAYS_SEARCH_USER_PATHS = NO;
				CLANG_ANALYZER_NONNULL = YES;
				CLANG_ANALYZER_NUMBER_OBJECT_CONVERSION = YES_AGGRESSIVE;
				CLANG_CXX_LANGUAGE_STANDARD = "gnu++20";
				CLANG_ENABLE_MODULES = YES;
				CLANG_ENABLE_OBJC_ARC = YES;
				CLANG_ENABLE_OBJC_WEAK = YES;
				CLANG_WARN_BLOCK_CAPTURE_AUTORELEASING = YES;
				CLANG_WARN_BOOL_CONVERSION = YES;
				CLANG_WARN_COMMA = YES;
				CLANG_WARN_CONSTANT_CONVERSION = YES;
				CLANG_WARN_DEPRECATED_OBJC_IMPLEMENTATIONS = YES;
				CLANG_WARN_DIRECT_OBJC_ISA_USAGE = YES_ERROR;
				CLANG_WARN_DOCUMENTATION_COMMENTS = YES;
				CLANG_WARN_EMPTY_BODY = YES;
				CLANG_WARN_ENUM_CONVERSION = YES;
				CLANG_WARN_INFINITE_RECURSION = YES;
				CLANG_WARN_INT_CONVERSION = YES;
				CLANG_WARN_NON_LITERAL_NULL_CONVERSION = YES;
				CLANG_WARN_OBJC_IMPLICIT_RETAIN_SELF = YES;
				CLANG_WARN_OBJC_LITERAL_CONVERSION = YES;
				CLANG_WARN_OBJC_ROOT_CLASS = YES_ERROR;
				CLANG_WARN_QUOTED_INCLUDE_IN_FRAMEWORK_HEADER = YES;
				CLANG_WARN_RANGE_LOOP_ANALYSIS = YES;
				CLANG_WARN_STRICT_PROTOTYPES = YES;
				CLANG_WARN_SUSPICIOUS_MOVE = YES;
				CLANG_WARN_UNGUARDED_AVAILABILITY = YES_AGGRESSIVE;
				CLANG_WARN_UNREACHABLE_CODE = YES;
				CLANG_WARN__DUPLICATE_METHOD_MATCH = YES;
				COPY_PHASE_STRIP = NO;
				DEBUG_INFORMATION_FORMAT = dwarf;
				ENABLE_STRICT_OBJC_MSGSEND = YES;
				ENABLE_TESTABILITY = YES;
				GCC_C_LANGUAGE_STANDARD = gnu11;
				GCC_DYNAMIC_NO_PIC = NO;
				GCC_NO_COMMON_BLOCKS = YES;
				GCC_OPTIMIZATION_LEVEL = 0;
				GCC_PREPROCESSOR_DEFINITIONS = (
					"DEBUG=1",
					"$(inherited)",
				);
				GCC_WARN_64_TO_32_BIT_CONVERSION = YES;
				GCC_WARN_ABOUT_RETURN_TYPE = YES_ERROR;
				GCC_WARN_UNDECLARED_SELECTOR = YES;
				GCC_WARN_UNINITIALIZED_AUTOS = YES_AGGRESSIVE;
				GCC_WARN_UNUSED_FUNCTION = YES;
				GCC_WARN_UNUSED_VARIABLE = YES;
				IPHONEOS_DEPLOYMENT_TARGET = 16.2;
				MTL_ENABLE_DEBUG_INFO = INCLUDE_SOURCE;
				MTL_FAST_MATH = YES;
				ONLY_ACTIVE_ARCH = YES;
				SDKROOT = iphoneos;
				SWIFT_ACTIVE_COMPILATION_CONDITIONS = DEBUG;
				SWIFT_OPTIMIZATION_LEVEL = "-Onone";
			};
			name = Debug;
		};
		99E62CF929B69F36001DA07C /* Release */ = {
			isa = XCBuildConfiguration;
			buildSettings = {
				ALWAYS_SEARCH_USER_PATHS = NO;
				CLANG_ANALYZER_NONNULL = YES;
				CLANG_ANALYZER_NUMBER_OBJECT_CONVERSION = YES_AGGRESSIVE;
				CLANG_CXX_LANGUAGE_STANDARD = "gnu++20";
				CLANG_ENABLE_MODULES = YES;
				CLANG_ENABLE_OBJC_ARC = YES;
				CLANG_ENABLE_OBJC_WEAK = YES;
				CLANG_WARN_BLOCK_CAPTURE_AUTORELEASING = YES;
				CLANG_WARN_BOOL_CONVERSION = YES;
				CLANG_WARN_COMMA = YES;
				CLANG_WARN_CONSTANT_CONVERSION = YES;
				CLANG_WARN_DEPRECATED_OBJC_IMPLEMENTATIONS = YES;
				CLANG_WARN_DIRECT_OBJC_ISA_USAGE = YES_ERROR;
				CLANG_WARN_DOCUMENTATION_COMMENTS = YES;
				CLANG_WARN_EMPTY_BODY = YES;
				CLANG_WARN_ENUM_CONVERSION = YES;
				CLANG_WARN_INFINITE_RECURSION = YES;
				CLANG_WARN_INT_CONVERSION = YES;
				CLANG_WARN_NON_LITERAL_NULL_CONVERSION = YES;
				CLANG_WARN_OBJC_IMPLICIT_RETAIN_SELF = YES;
				CLANG_WARN_OBJC_LITERAL_CONVERSION = YES;
				CLANG_WARN_OBJC_ROOT_CLASS = YES_ERROR;
				CLANG_WARN_QUOTED_INCLUDE_IN_FRAMEWORK_HEADER = YES;
				CLANG_WARN_RANGE_LOOP_ANALYSIS = YES;
				CLANG_WARN_STRICT_PROTOTYPES = YES;
				CLANG_WARN_SUSPICIOUS_MOVE = YES;
				CLANG_WARN_UNGUARDED_AVAILABILITY = YES_AGGRESSIVE;
				CLANG_WARN_UNREACHABLE_CODE = YES;
				CLANG_WARN__DUPLICATE_METHOD_MATCH = YES;
				COPY_PHASE_STRIP = NO;
				DEBUG_INFORMATION_FORMAT = "dwarf-with-dsym";
				ENABLE_NS_ASSERTIONS = NO;
				ENABLE_STRICT_OBJC_MSGSEND = YES;
				GCC_C_LANGUAGE_STANDARD = gnu11;
				GCC_NO_COMMON_BLOCKS = YES;
				GCC_WARN_64_TO_32_BIT_CONVERSION = YES;
				GCC_WARN_ABOUT_RETURN_TYPE = YES_ERROR;
				GCC_WARN_UNDECLARED_SELECTOR = YES;
				GCC_WARN_UNINITIALIZED_AUTOS = YES_AGGRESSIVE;
				GCC_WARN_UNUSED_FUNCTION = YES;
				GCC_WARN_UNUSED_VARIABLE = YES;
				IPHONEOS_DEPLOYMENT_TARGET = 16.2;
				MTL_ENABLE_DEBUG_INFO = NO;
				MTL_FAST_MATH = YES;
				SDKROOT = iphoneos;
				SWIFT_COMPILATION_MODE = wholemodule;
				SWIFT_OPTIMIZATION_LEVEL = "-O";
				VALIDATE_PRODUCT = YES;
			};
			name = Release;
		};
		99E62CFB29B69F36001DA07C /* Debug */ = {
			isa = XCBuildConfiguration;
			buildSettings = {
				ASSETCATALOG_COMPILER_APPICON_NAME = AppIcon;
				ASSETCATALOG_COMPILER_GLOBAL_ACCENT_COLOR_NAME = AccentColor;
				CODE_SIGN_STYLE = Automatic;
				CURRENT_PROJECT_VERSION = 1;
				DEVELOPMENT_ASSET_PATHS = "\"Newspaper/Preview Content\"";
				DEVELOPMENT_TEAM = TUEV87N5GC;
				ENABLE_PREVIEWS = YES;
				GENERATE_INFOPLIST_FILE = YES;
				INFOPLIST_KEY_UIApplicationSceneManifest_Generation = YES;
				INFOPLIST_KEY_UIApplicationSupportsIndirectInputEvents = YES;
				INFOPLIST_KEY_UILaunchScreen_Generation = YES;
				INFOPLIST_KEY_UISupportedInterfaceOrientations_iPad = "UIInterfaceOrientationPortrait UIInterfaceOrientationPortraitUpsideDown UIInterfaceOrientationLandscapeLeft UIInterfaceOrientationLandscapeRight";
				INFOPLIST_KEY_UISupportedInterfaceOrientations_iPhone = "UIInterfaceOrientationPortrait UIInterfaceOrientationLandscapeLeft UIInterfaceOrientationLandscapeRight";
				LD_RUNPATH_SEARCH_PATHS = (
					"$(inherited)",
					"@executable_path/Frameworks",
				);
				MARKETING_VERSION = 1.0;
				PRODUCT_BUNDLE_IDENTIFIER = waybu.Newspaper;
				PRODUCT_NAME = "$(TARGET_NAME)";
				SWIFT_EMIT_LOC_STRINGS = YES;
				SWIFT_VERSION = 5.0;
				TARGETED_DEVICE_FAMILY = "1,2";
			};
			name = Debug;
		};
		99E62CFC29B69F36001DA07C /* Release */ = {
			isa = XCBuildConfiguration;
			buildSettings = {
				ASSETCATALOG_COMPILER_APPICON_NAME = AppIcon;
				ASSETCATALOG_COMPILER_GLOBAL_ACCENT_COLOR_NAME = AccentColor;
				CODE_SIGN_STYLE = Automatic;
				CURRENT_PROJECT_VERSION = 1;
				DEVELOPMENT_ASSET_PATHS = "\"Newspaper/Preview Content\"";
				DEVELOPMENT_TEAM = TUEV87N5GC;
				ENABLE_PREVIEWS = YES;
				GENERATE_INFOPLIST_FILE = YES;
				INFOPLIST_KEY_UIApplicationSceneManifest_Generation = YES;
				INFOPLIST_KEY_UIApplicationSupportsIndirectInputEvents = YES;
				INFOPLIST_KEY_UILaunchScreen_Generation = YES;
				INFOPLIST_KEY_UISupportedInterfaceOrientations_iPad = "UIInterfaceOrientationPortrait UIInterfaceOrientationPortraitUpsideDown UIInterfaceOrientationLandscapeLeft UIInterfaceOrientationLandscapeRight";
				INFOPLIST_KEY_UISupportedInterfaceOrientations_iPhone = "UIInterfaceOrientationPortrait UIInterfaceOrientationLandscapeLeft UIInterfaceOrientationLandscapeRight";
				LD_RUNPATH_SEARCH_PATHS = (
					"$(inherited)",
					"@executable_path/Frameworks",
				);
				MARKETING_VERSION = 1.0;
				PRODUCT_BUNDLE_IDENTIFIER = waybu.Newspaper;
				PRODUCT_NAME = "$(TARGET_NAME)";
				SWIFT_EMIT_LOC_STRINGS = YES;
				SWIFT_VERSION = 5.0;
				TARGETED_DEVICE_FAMILY = "1,2";
			};
			name = Release;
		};
		99E62CFE29B69F36001DA07C /* Debug */ = {
			isa = XCBuildConfiguration;
			buildSettings = {
				ALWAYS_EMBED_SWIFT_STANDARD_LIBRARIES = YES;
				BUNDLE_LOADER = "$(TEST_HOST)";
				CODE_SIGN_STYLE = Automatic;
				CURRENT_PROJECT_VERSION = 1;
				DEVELOPMENT_TEAM = TUEV87N5GC;
				GENERATE_INFOPLIST_FILE = YES;
				IPHONEOS_DEPLOYMENT_TARGET = 16.2;
				MARKETING_VERSION = 1.0;
				PRODUCT_BUNDLE_IDENTIFIER = waybu.NewspaperTests;
				PRODUCT_NAME = "$(TARGET_NAME)";
				SWIFT_EMIT_LOC_STRINGS = NO;
				SWIFT_VERSION = 5.0;
				TARGETED_DEVICE_FAMILY = "1,2";
				TEST_HOST = "$(BUILT_PRODUCTS_DIR)/Newspaper.app/$(BUNDLE_EXECUTABLE_FOLDER_PATH)/Newspaper";
			};
			name = Debug;
		};
		99E62CFF29B69F36001DA07C /* Release */ = {
			isa = XCBuildConfiguration;
			buildSettings = {
				ALWAYS_EMBED_SWIFT_STANDARD_LIBRARIES = YES;
				BUNDLE_LOADER = "$(TEST_HOST)";
				CODE_SIGN_STYLE = Automatic;
				CURRENT_PROJECT_VERSION = 1;
				DEVELOPMENT_TEAM = TUEV87N5GC;
				GENERATE_INFOPLIST_FILE = YES;
				IPHONEOS_DEPLOYMENT_TARGET = 16.2;
				MARKETING_VERSION = 1.0;
				PRODUCT_BUNDLE_IDENTIFIER = waybu.NewspaperTests;
				PRODUCT_NAME = "$(TARGET_NAME)";
				SWIFT_EMIT_LOC_STRINGS = NO;
				SWIFT_VERSION = 5.0;
				TARGETED_DEVICE_FAMILY = "1,2";
				TEST_HOST = "$(BUILT_PRODUCTS_DIR)/Newspaper.app/$(BUNDLE_EXECUTABLE_FOLDER_PATH)/Newspaper";
			};
			name = Release;
		};
		99E62D0129B69F36001DA07C /* Debug */ = {
			isa = XCBuildConfiguration;
			buildSettings = {
				ALWAYS_EMBED_SWIFT_STANDARD_LIBRARIES = YES;
				CODE_SIGN_STYLE = Automatic;
				CURRENT_PROJECT_VERSION = 1;
				DEVELOPMENT_TEAM = TUEV87N5GC;
				GENERATE_INFOPLIST_FILE = YES;
				MARKETING_VERSION = 1.0;
				PRODUCT_BUNDLE_IDENTIFIER = waybu.NewspaperUITests;
				PRODUCT_NAME = "$(TARGET_NAME)";
				SWIFT_EMIT_LOC_STRINGS = NO;
				SWIFT_VERSION = 5.0;
				TARGETED_DEVICE_FAMILY = "1,2";
				TEST_TARGET_NAME = Newspaper;
			};
			name = Debug;
		};
		99E62D0229B69F36001DA07C /* Release */ = {
			isa = XCBuildConfiguration;
			buildSettings = {
				ALWAYS_EMBED_SWIFT_STANDARD_LIBRARIES = YES;
				CODE_SIGN_STYLE = Automatic;
				CURRENT_PROJECT_VERSION = 1;
				DEVELOPMENT_TEAM = TUEV87N5GC;
				GENERATE_INFOPLIST_FILE = YES;
				MARKETING_VERSION = 1.0;
				PRODUCT_BUNDLE_IDENTIFIER = waybu.NewspaperUITests;
				PRODUCT_NAME = "$(TARGET_NAME)";
				SWIFT_EMIT_LOC_STRINGS = NO;
				SWIFT_VERSION = 5.0;
				TARGETED_DEVICE_FAMILY = "1,2";
				TEST_TARGET_NAME = Newspaper;
			};
			name = Release;
		};
/* End XCBuildConfiguration section */

/* Begin XCConfigurationList section */
		99E62CD129B69F33001DA07C /* Build configuration list for PBXProject "Newspaper" */ = {
			isa = XCConfigurationList;
			buildConfigurations = (
				99E62CF829B69F36001DA07C /* Debug */,
				99E62CF929B69F36001DA07C /* Release */,
			);
			defaultConfigurationIsVisible = 0;
			defaultConfigurationName = Release;
		};
		99E62CFA29B69F36001DA07C /* Build configuration list for PBXNativeTarget "Newspaper" */ = {
			isa = XCConfigurationList;
			buildConfigurations = (
				99E62CFB29B69F36001DA07C /* Debug */,
				99E62CFC29B69F36001DA07C /* Release */,
			);
			defaultConfigurationIsVisible = 0;
			defaultConfigurationName = Release;
		};
		99E62CFD29B69F36001DA07C /* Build configuration list for PBXNativeTarget "NewspaperTests" */ = {
			isa = XCConfigurationList;
			buildConfigurations = (
				99E62CFE29B69F36001DA07C /* Debug */,
				99E62CFF29B69F36001DA07C /* Release */,
			);
			defaultConfigurationIsVisible = 0;
			defaultConfigurationName = Release;
		};
		99E62D0029B69F36001DA07C /* Build configuration list for PBXNativeTarget "NewspaperUITests" */ = {
			isa = XCConfigurationList;
			buildConfigurations = (
				99E62D0129B69F36001DA07C /* Debug */,
				99E62D0229B69F36001DA07C /* Release */,
			);
			defaultConfigurationIsVisible = 0;
			defaultConfigurationName = Release;
		};
/* End XCConfigurationList section */
	};
	rootObject = 99E62CCE29B69F33001DA07C /* Project object */;
}
